// !$*UTF8*$!
{
	archiveVersion = 1;
	classes = {
	};
	objectVersion = 46;
	objects = {

/* Begin PBXBuildFile section */
		6B520F9CCDAAF6D5DD6C9D67 /* Pods_Graygram1.framework in Frameworks */ = {isa = PBXBuildFile; fileRef = 1C4579B18C29CFAEAFA15DBD /* Pods_Graygram1.framework */; };
		762938961EFA8D1C000D1F60 /* CropViewController.swift in Sources */ = {isa = PBXBuildFile; fileRef = 762938951EFA8D1C000D1F60 /* CropViewController.swift */; };
		762938981EFAAFA0000D1F60 /* UIImage+Grayscale.swift in Sources */ = {isa = PBXBuildFile; fileRef = 762938971EFAAFA0000D1F60 /* UIImage+Grayscale.swift */; };
		763057EF1EFD2E2900FEE044 /* PostEditViewController.swift in Sources */ = {isa = PBXBuildFile; fileRef = 763057EE1EFD2E2800FEE044 /* PostEditViewController.swift */; };
		763057F11EFD30A100FEE044 /* PostEditViewImageCell.swift in Sources */ = {isa = PBXBuildFile; fileRef = 763057F01EFD30A100FEE044 /* PostEditViewImageCell.swift */; };
		763057F31EFD41A600FEE044 /* PostEditViewTextCell.swift in Sources */ = {isa = PBXBuildFile; fileRef = 763057F21EFD41A600FEE044 /* PostEditViewTextCell.swift */; };
		76388EC21EE8250F009647DB /* User.swift in Sources */ = {isa = PBXBuildFile; fileRef = 76388EC11EE8250F009647DB /* User.swift */; };
		76388EC51EE8392D009647DB /* String+Size.swift in Sources */ = {isa = PBXBuildFile; fileRef = 76388EC41EE8392D009647DB /* String+Size.swift */; };
		76388EC71EEEAFDF009647DB /* UIImageView+Photo.swift in Sources */ = {isa = PBXBuildFile; fileRef = 76388EC61EEEAFDF009647DB /* UIImageView+Photo.swift */; };
		76388EC91EEEC4F5009647DB /* CollectionActivityIndicatorView.swift in Sources */ = {isa = PBXBuildFile; fileRef = 76388EC81EEEC4F5009647DB /* CollectionActivityIndicatorView.swift */; };
		76388ECB1EF1519B009647DB /* LoginViewController.swift in Sources */ = {isa = PBXBuildFile; fileRef = 76388ECA1EF1519B009647DB /* LoginViewController.swift */; };
		76388ECD1EF165D6009647DB /* DataResponse+ErrorInfo.swift in Sources */ = {isa = PBXBuildFile; fileRef = 76388ECC1EF165D5009647DB /* DataResponse+ErrorInfo.swift */; };
		76388ECF1EF1707C009647DB /* SplashViewController.swift in Sources */ = {isa = PBXBuildFile; fileRef = 76388ECE1EF1707C009647DB /* SplashViewController.swift */; };
		76388ED11EF7FF70009647DB /* MainTabBarController.swift in Sources */ = {isa = PBXBuildFile; fileRef = 76388ED01EF7FF70009647DB /* MainTabBarController.swift */; };
		76AAD2401EDEEEFD0022829F /* Post.swift in Sources */ = {isa = PBXBuildFile; fileRef = 76AAD23F1EDEEEFD0022829F /* Post.swift */; };
		76AAD2421EDF01790022829F /* PostCardCell.swift in Sources */ = {isa = PBXBuildFile; fileRef = 76AAD2411EDF01790022829F /* PostCardCell.swift */; };
		76F29B361EDEE4800077F571 /* Assets.xcassets in Resources */ = {isa = PBXBuildFile; fileRef = 76F29B2E1EDEE4800077F571 /* Assets.xcassets */; };
		76F29B371EDEE4800077F571 /* LaunchScreen.storyboard in Resources */ = {isa = PBXBuildFile; fileRef = 76F29B2F1EDEE4800077F571 /* LaunchScreen.storyboard */; };
		76F29B381EDEE4800077F571 /* AppDelegate.swift in Sources */ = {isa = PBXBuildFile; fileRef = 76F29B321EDEE4800077F571 /* AppDelegate.swift */; };
		76F29B3F1EDEE5F20077F571 /* FeedViewController.swift in Sources */ = {isa = PBXBuildFile; fileRef = 76F29B3E1EDEE5F20077F571 /* FeedViewController.swift */; };
/* End PBXBuildFile section */

/* Begin PBXFileReference section */
		1C4579B18C29CFAEAFA15DBD /* Pods_Graygram1.framework */ = {isa = PBXFileReference; explicitFileType = wrapper.framework; includeInIndex = 0; path = Pods_Graygram1.framework; sourceTree = BUILT_PRODUCTS_DIR; };
		3C4B4A50815EF60AA83ED3F0 /* Pods-Graygram1.debug.xcconfig */ = {isa = PBXFileReference; includeInIndex = 1; lastKnownFileType = text.xcconfig; name = "Pods-Graygram1.debug.xcconfig"; path = "Pods/Target Support Files/Pods-Graygram1/Pods-Graygram1.debug.xcconfig"; sourceTree = "<group>"; };
		762938951EFA8D1C000D1F60 /* CropViewController.swift */ = {isa = PBXFileReference; fileEncoding = 4; lastKnownFileType = sourcecode.swift; path = CropViewController.swift; sourceTree = "<group>"; };
		762938971EFAAFA0000D1F60 /* UIImage+Grayscale.swift */ = {isa = PBXFileReference; fileEncoding = 4; lastKnownFileType = sourcecode.swift; path = "UIImage+Grayscale.swift"; sourceTree = "<group>"; };
		763057EE1EFD2E2800FEE044 /* PostEditViewController.swift */ = {isa = PBXFileReference; fileEncoding = 4; lastKnownFileType = sourcecode.swift; path = PostEditViewController.swift; sourceTree = "<group>"; };
		763057F01EFD30A100FEE044 /* PostEditViewImageCell.swift */ = {isa = PBXFileReference; fileEncoding = 4; lastKnownFileType = sourcecode.swift; path = PostEditViewImageCell.swift; sourceTree = "<group>"; };
		763057F21EFD41A600FEE044 /* PostEditViewTextCell.swift */ = {isa = PBXFileReference; fileEncoding = 4; lastKnownFileType = sourcecode.swift; path = PostEditViewTextCell.swift; sourceTree = "<group>"; };
		7633A3601EDEDBE000F11E2A /* Graygram1.app */ = {isa = PBXFileReference; explicitFileType = wrapper.application; includeInIndex = 0; path = Graygram1.app; sourceTree = BUILT_PRODUCTS_DIR; };
		76388EC11EE8250F009647DB /* User.swift */ = {isa = PBXFileReference; fileEncoding = 4; lastKnownFileType = sourcecode.swift; path = User.swift; sourceTree = "<group>"; };
		76388EC41EE8392D009647DB /* String+Size.swift */ = {isa = PBXFileReference; fileEncoding = 4; lastKnownFileType = sourcecode.swift; path = "String+Size.swift"; sourceTree = "<group>"; };
		76388EC61EEEAFDF009647DB /* UIImageView+Photo.swift */ = {isa = PBXFileReference; fileEncoding = 4; lastKnownFileType = sourcecode.swift; path = "UIImageView+Photo.swift"; sourceTree = "<group>"; };
		76388EC81EEEC4F5009647DB /* CollectionActivityIndicatorView.swift */ = {isa = PBXFileReference; fileEncoding = 4; lastKnownFileType = sourcecode.swift; path = CollectionActivityIndicatorView.swift; sourceTree = "<group>"; };
		76388ECA1EF1519B009647DB /* LoginViewController.swift */ = {isa = PBXFileReference; fileEncoding = 4; lastKnownFileType = sourcecode.swift; path = LoginViewController.swift; sourceTree = "<group>"; };
		76388ECC1EF165D5009647DB /* DataResponse+ErrorInfo.swift */ = {isa = PBXFileReference; fileEncoding = 4; lastKnownFileType = sourcecode.swift; path = "DataResponse+ErrorInfo.swift"; sourceTree = "<group>"; };
		76388ECE1EF1707C009647DB /* SplashViewController.swift */ = {isa = PBXFileReference; fileEncoding = 4; lastKnownFileType = sourcecode.swift; path = SplashViewController.swift; sourceTree = "<group>"; };
		76388ED01EF7FF70009647DB /* MainTabBarController.swift */ = {isa = PBXFileReference; fileEncoding = 4; lastKnownFileType = sourcecode.swift; path = MainTabBarController.swift; sourceTree = "<group>"; };
		76AAD23F1EDEEEFD0022829F /* Post.swift */ = {isa = PBXFileReference; fileEncoding = 4; lastKnownFileType = sourcecode.swift; path = Post.swift; sourceTree = "<group>"; };
		76AAD2411EDF01790022829F /* PostCardCell.swift */ = {isa = PBXFileReference; fileEncoding = 4; lastKnownFileType = sourcecode.swift; path = PostCardCell.swift; sourceTree = "<group>"; };
		76F29B2E1EDEE4800077F571 /* Assets.xcassets */ = {isa = PBXFileReference; lastKnownFileType = folder.assetcatalog; path = Assets.xcassets; sourceTree = "<group>"; };
		76F29B301EDEE4800077F571 /* Base */ = {isa = PBXFileReference; lastKnownFileType = file.storyboard; name = Base; path = Base.lproj/LaunchScreen.storyboard; sourceTree = "<group>"; };
		76F29B321EDEE4800077F571 /* AppDelegate.swift */ = {isa = PBXFileReference; fileEncoding = 4; lastKnownFileType = sourcecode.swift; path = AppDelegate.swift; sourceTree = "<group>"; };
		76F29B351EDEE4800077F571 /* Info.plist */ = {isa = PBXFileReference; fileEncoding = 4; lastKnownFileType = text.plist.xml; path = Info.plist; sourceTree = "<group>"; };
		76F29B3E1EDEE5F20077F571 /* FeedViewController.swift */ = {isa = PBXFileReference; fileEncoding = 4; lastKnownFileType = sourcecode.swift; path = FeedViewController.swift; sourceTree = "<group>"; };
		F9CDFEE898BF80511C85924B /* Pods-Graygram1.release.xcconfig */ = {isa = PBXFileReference; includeInIndex = 1; lastKnownFileType = text.xcconfig; name = "Pods-Graygram1.release.xcconfig"; path = "Pods/Target Support Files/Pods-Graygram1/Pods-Graygram1.release.xcconfig"; sourceTree = "<group>"; };
/* End PBXFileReference section */

/* Begin PBXFrameworksBuildPhase section */
		7633A35D1EDEDBE000F11E2A /* Frameworks */ = {
			isa = PBXFrameworksBuildPhase;
			buildActionMask = 2147483647;
			files = (
				6B520F9CCDAAF6D5DD6C9D67 /* Pods_Graygram1.framework in Frameworks */,
			);
			runOnlyForDeploymentPostprocessing = 0;
		};
/* End PBXFrameworksBuildPhase section */

/* Begin PBXGroup section */
		08730F78130F2ACCAD4AB000 /* Frameworks */ = {
			isa = PBXGroup;
			children = (
				1C4579B18C29CFAEAFA15DBD /* Pods_Graygram1.framework */,
			);
			name = Frameworks;
			sourceTree = "<group>";
		};
		34BEFECBF599D1076BDD529A /* Pods */ = {
			isa = PBXGroup;
			children = (
				3C4B4A50815EF60AA83ED3F0 /* Pods-Graygram1.debug.xcconfig */,
				F9CDFEE898BF80511C85924B /* Pods-Graygram1.release.xcconfig */,
			);
			name = Pods;
			sourceTree = "<group>";
		};
		7633A3571EDEDBE000F11E2A = {
			isa = PBXGroup;
			children = (
				76F29B2C1EDEE4800077F571 /* Graygram1 */,
				7633A3611EDEDBE000F11E2A /* Products */,
				34BEFECBF599D1076BDD529A /* Pods */,
				08730F78130F2ACCAD4AB000 /* Frameworks */,
			);
			sourceTree = "<group>";
		};
		7633A3611EDEDBE000F11E2A /* Products */ = {
			isa = PBXGroup;
			children = (
				7633A3601EDEDBE000F11E2A /* Graygram1.app */,
			);
			name = Products;
			sourceTree = "<group>";
		};
		76388EC31EE838D7009647DB /* Utils */ = {
			isa = PBXGroup;
			children = (
				76388EC41EE8392D009647DB /* String+Size.swift */,
				76388EC61EEEAFDF009647DB /* UIImageView+Photo.swift */,
				76388ECC1EF165D5009647DB /* DataResponse+ErrorInfo.swift */,
				762938971EFAAFA0000D1F60 /* UIImage+Grayscale.swift */,
			);
			path = Utils;
			sourceTree = "<group>";
		};
		76F29B2C1EDEE4800077F571 /* Graygram1 */ = {
			isa = PBXGroup;
			children = (
				76F29B311EDEE4800077F571 /* Sources */,
				76F29B2D1EDEE4800077F571 /* Resources */,
				76F29B341EDEE4800077F571 /* Supporting Files */,
			);
			path = Graygram1;
			sourceTree = "<group>";
		};
		76F29B2D1EDEE4800077F571 /* Resources */ = {
			isa = PBXGroup;
			children = (
				76F29B2E1EDEE4800077F571 /* Assets.xcassets */,
				76F29B2F1EDEE4800077F571 /* LaunchScreen.storyboard */,
			);
			path = Resources;
			sourceTree = "<group>";
		};
		76F29B311EDEE4800077F571 /* Sources */ = {
			isa = PBXGroup;
			children = (
				76388EC31EE838D7009647DB /* Utils */,
				76F29B321EDEE4800077F571 /* AppDelegate.swift */,
				76F29B3C1EDEE5F20077F571 /* Models */,
				76F29B3B1EDEE5F20077F571 /* Views */,
				76F29B3D1EDEE5F20077F571 /* ViewControllers */,
			);
			path = Sources;
			sourceTree = "<group>";
		};
		76F29B341EDEE4800077F571 /* Supporting Files */ = {
			isa = PBXGroup;
			children = (
				76F29B351EDEE4800077F571 /* Info.plist */,
			);
			path = "Supporting Files";
			sourceTree = "<group>";
		};
		76F29B3B1EDEE5F20077F571 /* Views */ = {
			isa = PBXGroup;
			children = (
				76AAD2411EDF01790022829F /* PostCardCell.swift */,
				76388EC81EEEC4F5009647DB /* CollectionActivityIndicatorView.swift */,
				763057F01EFD30A100FEE044 /* PostEditViewImageCell.swift */,
				763057F21EFD41A600FEE044 /* PostEditViewTextCell.swift */,
			);
			path = Views;
			sourceTree = "<group>";
		};
		76F29B3C1EDEE5F20077F571 /* Models */ = {
			isa = PBXGroup;
			children = (
				76AAD23F1EDEEEFD0022829F /* Post.swift */,
				76388EC11EE8250F009647DB /* User.swift */,
			);
			path = Models;
			sourceTree = "<group>";
		};
		76F29B3D1EDEE5F20077F571 /* ViewControllers */ = {
			isa = PBXGroup;
			children = (
				76F29B3E1EDEE5F20077F571 /* FeedViewController.swift */,
				76388ECA1EF1519B009647DB /* LoginViewController.swift */,
				76388ECE1EF1707C009647DB /* SplashViewController.swift */,
				76388ED01EF7FF70009647DB /* MainTabBarController.swift */,
				762938951EFA8D1C000D1F60 /* CropViewController.swift */,
				763057EE1EFD2E2800FEE044 /* PostEditViewController.swift */,
			);
			path = ViewControllers;
			sourceTree = "<group>";
		};
/* End PBXGroup section */

/* Begin PBXNativeTarget section */
		7633A35F1EDEDBE000F11E2A /* Graygram1 */ = {
			isa = PBXNativeTarget;
			buildConfigurationList = 7633A3721EDEDBE000F11E2A /* Build configuration list for PBXNativeTarget "Graygram1" */;
			buildPhases = (
				EC403917CC172E16F80E0924 /* [CP] Check Pods Manifest.lock */,
				7633A35C1EDEDBE000F11E2A /* Sources */,
				7633A35D1EDEDBE000F11E2A /* Frameworks */,
				7633A35E1EDEDBE000F11E2A /* Resources */,
				24A5D9CF8561D9DA3BEA8EE3 /* [CP] Embed Pods Frameworks */,
				B3EA62193A0F108FCED1E6D1 /* [CP] Copy Pods Resources */,
			);
			buildRules = (
			);
			dependencies = (
			);
			name = Graygram1;
			productName = Graygram1;
			productReference = 7633A3601EDEDBE000F11E2A /* Graygram1.app */;
			productType = "com.apple.product-type.application";
		};
/* End PBXNativeTarget section */

/* Begin PBXProject section */
		7633A3581EDEDBE000F11E2A /* Project object */ = {
			isa = PBXProject;
			attributes = {
				LastSwiftUpdateCheck = 0830;
				LastUpgradeCheck = 0830;
				ORGANIZATIONNAME = "Junghoon Lee";
				TargetAttributes = {
					7633A35F1EDEDBE000F11E2A = {
						CreatedOnToolsVersion = 8.3.2;
						ProvisioningStyle = Automatic;
					};
				};
			};
			buildConfigurationList = 7633A35B1EDEDBE000F11E2A /* Build configuration list for PBXProject "Graygram1" */;
			compatibilityVersion = "Xcode 3.2";
			developmentRegion = English;
			hasScannedForEncodings = 0;
			knownRegions = (
				en,
				Base,
			);
			mainGroup = 7633A3571EDEDBE000F11E2A;
			productRefGroup = 7633A3611EDEDBE000F11E2A /* Products */;
			projectDirPath = "";
			projectRoot = "";
			targets = (
				7633A35F1EDEDBE000F11E2A /* Graygram1 */,
			);
		};
/* End PBXProject section */

/* Begin PBXResourcesBuildPhase section */
		7633A35E1EDEDBE000F11E2A /* Resources */ = {
			isa = PBXResourcesBuildPhase;
			buildActionMask = 2147483647;
			files = (
				76F29B361EDEE4800077F571 /* Assets.xcassets in Resources */,
				76F29B371EDEE4800077F571 /* LaunchScreen.storyboard in Resources */,
			);
			runOnlyForDeploymentPostprocessing = 0;
		};
/* End PBXResourcesBuildPhase section */

/* Begin PBXShellScriptBuildPhase section */
		24A5D9CF8561D9DA3BEA8EE3 /* [CP] Embed Pods Frameworks */ = {
			isa = PBXShellScriptBuildPhase;
			buildActionMask = 2147483647;
			files = (
			);
			inputPaths = (
			);
			name = "[CP] Embed Pods Frameworks";
			outputPaths = (
			);
			runOnlyForDeploymentPostprocessing = 0;
			shellPath = /bin/sh;
			shellScript = "\"${SRCROOT}/Pods/Target Support Files/Pods-Graygram1/Pods-Graygram1-frameworks.sh\"\n";
			showEnvVarsInLog = 0;
		};
		B3EA62193A0F108FCED1E6D1 /* [CP] Copy Pods Resources */ = {
			isa = PBXShellScriptBuildPhase;
			buildActionMask = 2147483647;
			files = (
			);
			inputPaths = (
			);
			name = "[CP] Copy Pods Resources";
			outputPaths = (
			);
			runOnlyForDeploymentPostprocessing = 0;
			shellPath = /bin/sh;
			shellScript = "\"${SRCROOT}/Pods/Target Support Files/Pods-Graygram1/Pods-Graygram1-resources.sh\"\n";
			showEnvVarsInLog = 0;
		};
		EC403917CC172E16F80E0924 /* [CP] Check Pods Manifest.lock */ = {
			isa = PBXShellScriptBuildPhase;
			buildActionMask = 2147483647;
			files = (
			);
			inputPaths = (
			);
			name = "[CP] Check Pods Manifest.lock";
			outputPaths = (
			);
			runOnlyForDeploymentPostprocessing = 0;
			shellPath = /bin/sh;
			shellScript = "diff \"${PODS_PODFILE_DIR_PATH}/Podfile.lock\" \"${PODS_ROOT}/Manifest.lock\" > /dev/null\nif [ $? != 0 ] ; then\n    # print error to STDERR\n    echo \"error: The sandbox is not in sync with the Podfile.lock. Run 'pod install' or update your CocoaPods installation.\" >&2\n    exit 1\nfi\n";
			showEnvVarsInLog = 0;
		};
/* End PBXShellScriptBuildPhase section */

/* Begin PBXSourcesBuildPhase section */
		7633A35C1EDEDBE000F11E2A /* Sources */ = {
			isa = PBXSourcesBuildPhase;
			buildActionMask = 2147483647;
			files = (
				763057F11EFD30A100FEE044 /* PostEditViewImageCell.swift in Sources */,
				76388ECB1EF1519B009647DB /* LoginViewController.swift in Sources */,
				763057F31EFD41A600FEE044 /* PostEditViewTextCell.swift in Sources */,
				76AAD2401EDEEEFD0022829F /* Post.swift in Sources */,
				76388ED11EF7FF70009647DB /* MainTabBarController.swift in Sources */,
				762938961EFA8D1C000D1F60 /* CropViewController.swift in Sources */,
				76388EC91EEEC4F5009647DB /* CollectionActivityIndicatorView.swift in Sources */,
				76388EC51EE8392D009647DB /* String+Size.swift in Sources */,
				76AAD2421EDF01790022829F /* PostCardCell.swift in Sources */,
				762938981EFAAFA0000D1F60 /* UIImage+Grayscale.swift in Sources */,
				76388EC71EEEAFDF009647DB /* UIImageView+Photo.swift in Sources */,
				76F29B3F1EDEE5F20077F571 /* FeedViewController.swift in Sources */,
				76388EC21EE8250F009647DB /* User.swift in Sources */,
				763057EF1EFD2E2900FEE044 /* PostEditViewController.swift in Sources */,
				76F29B381EDEE4800077F571 /* AppDelegate.swift in Sources */,
				76388ECD1EF165D6009647DB /* DataResponse+ErrorInfo.swift in Sources */,
				76388ECF1EF1707C009647DB /* SplashViewController.swift in Sources */,
			);
			runOnlyForDeploymentPostprocessing = 0;
		};
/* End PBXSourcesBuildPhase section */

/* Begin PBXVariantGroup section */
		76F29B2F1EDEE4800077F571 /* LaunchScreen.storyboard */ = {
			isa = PBXVariantGroup;
			children = (
				76F29B301EDEE4800077F571 /* Base */,
			);
			name = LaunchScreen.storyboard;
			sourceTree = "<group>";
		};
/* End PBXVariantGroup section */

/* Begin XCBuildConfiguration section */
		7633A3701EDEDBE000F11E2A /* Debug */ = {
			isa = XCBuildConfiguration;
			buildSettings = {
				ALWAYS_SEARCH_USER_PATHS = NO;
				CLANG_ANALYZER_NONNULL = YES;
				CLANG_ANALYZER_NUMBER_OBJECT_CONVERSION = YES_AGGRESSIVE;
				CLANG_CXX_LANGUAGE_STANDARD = "gnu++0x";
				CLANG_CXX_LIBRARY = "libc++";
				CLANG_ENABLE_MODULES = YES;
				CLANG_ENABLE_OBJC_ARC = YES;
				CLANG_WARN_BOOL_CONVERSION = YES;
				CLANG_WARN_CONSTANT_CONVERSION = YES;
				CLANG_WARN_DIRECT_OBJC_ISA_USAGE = YES_ERROR;
				CLANG_WARN_DOCUMENTATION_COMMENTS = YES;
				CLANG_WARN_EMPTY_BODY = YES;
				CLANG_WARN_ENUM_CONVERSION = YES;
				CLANG_WARN_INFINITE_RECURSION = YES;
				CLANG_WARN_INT_CONVERSION = YES;
				CLANG_WARN_OBJC_ROOT_CLASS = YES_ERROR;
				CLANG_WARN_SUSPICIOUS_MOVE = YES;
				CLANG_WARN_UNREACHABLE_CODE = YES;
				CLANG_WARN__DUPLICATE_METHOD_MATCH = YES;
				"CODE_SIGN_IDENTITY[sdk=iphoneos*]" = "iPhone Developer";
				COPY_PHASE_STRIP = NO;
				DEBUG_INFORMATION_FORMAT = dwarf;
				ENABLE_STRICT_OBJC_MSGSEND = YES;
				ENABLE_TESTABILITY = YES;
				GCC_C_LANGUAGE_STANDARD = gnu99;
				GCC_DYNAMIC_NO_PIC = NO;
				GCC_NO_COMMON_BLOCKS = YES;
				GCC_OPTIMIZATION_LEVEL = 0;
				GCC_PREPROCESSOR_DEFINITIONS = (
					"DEBUG=1",
					"$(inherited)",
				);
				GCC_WARN_64_TO_32_BIT_CONVERSION = YES;
				GCC_WARN_ABOUT_RETURN_TYPE = YES_ERROR;
				GCC_WARN_UNDECLARED_SELECTOR = YES;
				GCC_WARN_UNINITIALIZED_AUTOS = YES_AGGRESSIVE;
				GCC_WARN_UNUSED_FUNCTION = YES;
				GCC_WARN_UNUSED_VARIABLE = YES;
				IPHONEOS_DEPLOYMENT_TARGET = 9.0;
				MTL_ENABLE_DEBUG_INFO = YES;
				ONLY_ACTIVE_ARCH = YES;
				SDKROOT = iphoneos;
				SWIFT_ACTIVE_COMPILATION_CONDITIONS = DEBUG;
				SWIFT_OPTIMIZATION_LEVEL = "-Onone";
			};
			name = Debug;
		};
		7633A3711EDEDBE000F11E2A /* Release */ = {
			isa = XCBuildConfiguration;
			buildSettings = {
				ALWAYS_SEARCH_USER_PATHS = NO;
				CLANG_ANALYZER_NONNULL = YES;
				CLANG_ANALYZER_NUMBER_OBJECT_CONVERSION = YES_AGGRESSIVE;
				CLANG_CXX_LANGUAGE_STANDARD = "gnu++0x";
				CLANG_CXX_LIBRARY = "libc++";
				CLANG_ENABLE_MODULES = YES;
				CLANG_ENABLE_OBJC_ARC = YES;
				CLANG_WARN_BOOL_CONVERSION = YES;
				CLANG_WARN_CONSTANT_CONVERSION = YES;
				CLANG_WARN_DIRECT_OBJC_ISA_USAGE = YES_ERROR;
				CLANG_WARN_DOCUMENTATION_COMMENTS = YES;
				CLANG_WARN_EMPTY_BODY = YES;
				CLANG_WARN_ENUM_CONVERSION = YES;
				CLANG_WARN_INFINITE_RECURSION = YES;
				CLANG_WARN_INT_CONVERSION = YES;
				CLANG_WARN_OBJC_ROOT_CLASS = YES_ERROR;
				CLANG_WARN_SUSPICIOUS_MOVE = YES;
				CLANG_WARN_UNREACHABLE_CODE = YES;
				CLANG_WARN__DUPLICATE_METHOD_MATCH = YES;
				"CODE_SIGN_IDENTITY[sdk=iphoneos*]" = "iPhone Developer";
				COPY_PHASE_STRIP = NO;
				DEBUG_INFORMATION_FORMAT = "dwarf-with-dsym";
				ENABLE_NS_ASSERTIONS = NO;
				ENABLE_STRICT_OBJC_MSGSEND = YES;
				GCC_C_LANGUAGE_STANDARD = gnu99;
				GCC_NO_COMMON_BLOCKS = YES;
				GCC_WARN_64_TO_32_BIT_CONVERSION = YES;
				GCC_WARN_ABOUT_RETURN_TYPE = YES_ERROR;
				GCC_WARN_UNDECLARED_SELECTOR = YES;
				GCC_WARN_UNINITIALIZED_AUTOS = YES_AGGRESSIVE;
				GCC_WARN_UNUSED_FUNCTION = YES;
				GCC_WARN_UNUSED_VARIABLE = YES;
				IPHONEOS_DEPLOYMENT_TARGET = 9.0;
				MTL_ENABLE_DEBUG_INFO = NO;
				SDKROOT = iphoneos;
				SWIFT_OPTIMIZATION_LEVEL = "-Owholemodule";
				VALIDATE_PRODUCT = YES;
			};
			name = Release;
		};
		7633A3731EDEDBE000F11E2A /* Debug */ = {
			isa = XCBuildConfiguration;
			baseConfigurationReference = 3C4B4A50815EF60AA83ED3F0 /* Pods-Graygram1.debug.xcconfig */;
			buildSettings = {
				ASSETCATALOG_COMPILER_APPICON_NAME = AppIcon;
				INFOPLIST_FILE = "$(SRCROOT)/Graygram1/Supporting Files/Info.plist";
				LD_RUNPATH_SEARCH_PATHS = "$(inherited) @executable_path/Frameworks";
				PRODUCT_BUNDLE_IDENTIFIER = kr.apexist.Graygram1;
				PRODUCT_NAME = "$(TARGET_NAME)";
				SWIFT_VERSION = 3.0;
			};
			name = Debug;
		};
		7633A3741EDEDBE000F11E2A /* Release */ = {
			isa = XCBuildConfiguration;
			baseConfigurationReference = F9CDFEE898BF80511C85924B /* Pods-Graygram1.release.xcconfig */;
			buildSettings = {
				ASSETCATALOG_COMPILER_APPICON_NAME = AppIcon;
				INFOPLIST_FILE = "$(SRCROOT)/Graygram1/Supporting Files/Info.plist";
				LD_RUNPATH_SEARCH_PATHS = "$(inherited) @executable_path/Frameworks";
				PRODUCT_BUNDLE_IDENTIFIER = kr.apexist.Graygram1;
				PRODUCT_NAME = "$(TARGET_NAME)";
				SWIFT_VERSION = 3.0;
			};
			name = Release;
		};
/* End XCBuildConfiguration section */

/* Begin XCConfigurationList section */
		7633A35B1EDEDBE000F11E2A /* Build configuration list for PBXProject "Graygram1" */ = {
			isa = XCConfigurationList;
			buildConfigurations = (
				7633A3701EDEDBE000F11E2A /* Debug */,
				7633A3711EDEDBE000F11E2A /* Release */,
			);
			defaultConfigurationIsVisible = 0;
			defaultConfigurationName = Release;
		};
		7633A3721EDEDBE000F11E2A /* Build configuration list for PBXNativeTarget "Graygram1" */ = {
			isa = XCConfigurationList;
			buildConfigurations = (
				7633A3731EDEDBE000F11E2A /* Debug */,
				7633A3741EDEDBE000F11E2A /* Release */,
			);
			defaultConfigurationIsVisible = 0;
			defaultConfigurationName = Release;
		};
/* End XCConfigurationList section */
	};
	rootObject = 7633A3581EDEDBE000F11E2A /* Project object */;
}
